{
    "_readme": [
        "This file locks the dependencies of your project to a known state",
        "Read more about it at https://getcomposer.org/doc/01-basic-usage.md#composer-lock-the-lock-file",
        "This file is @generated automatically"
    ],
    "hash": "f887c3ef91ba5b9768c0e91e01c099f5",
    "content-hash": "9a69a3e03daa93ffa31bda2e1c546496",
    "packages": [],
    "packages-dev": [
        {
            "name": "etsy/phan",
            "version": "dev-master",
            "source": {
                "type": "git",
                "url": "https://github.com/etsy/phan.git",
                "reference": "f112517ab8d4373c4c0f8b1cde69cbfc3aed8e79"
            },
            "dist": {
                "type": "zip",
                "url": "https://api.github.com/repos/etsy/phan/zipball/f112517ab8d4373c4c0f8b1cde69cbfc3aed8e79",
                "reference": "f112517ab8d4373c4c0f8b1cde69cbfc3aed8e79",
                "shasum": ""
            },
            "require": {
                "ext-ast": "*",
                "ext-sqlite3": "0.7-dev",
                "php": ">=7.0",
                "symfony/console": "~2.3|~3.0"
            },
            "require-dev": {
                "phpdocumentor/phpdocumentor": "dev-master",
                "phpunit/phpunit": "~5",
                "squizlabs/php_codesniffer": "^2.5"
            },
            "bin": [
                "phan",
                "tocheckstyle"
            ],
            "type": "project",
            "autoload": {
                "psr-4": {
                    "Phan\\": "src/Phan"
                }
            },
            "notification-url": "https://packagist.org/downloads/",
            "license": [
                "MIT"
            ],
            "authors": [
                {
                    "name": "Rasmus Lerdorf"
                },
                {
                    "name": "Andrew S. Morrison"
                }
            ],
            "description": "A static analyzer for PHP",
            "keywords": [
                "analyzer",
                "php",
                "static"
            ],
            "time": "2016-05-11 14:20:07"
        },
        {
            "name": "symfony/console",
            "version": "v3.0.6",
            "source": {
                "type": "git",
                "url": "https://github.com/symfony/console.git",
                "reference": "34a214710e0714b6efcf40ba3cd1e31373a97820"
            },
            "dist": {
                "type": "zip",
                "url": "https://api.github.com/repos/symfony/console/zipball/34a214710e0714b6efcf40ba3cd1e31373a97820",
                "reference": "34a214710e0714b6efcf40ba3cd1e31373a97820",
                "shasum": ""
            },
            "require": {
                "php": ">=5.5.9",
                "symfony/polyfill-mbstring": "~1.0"
            },
            "require-dev": {
                "psr/log": "~1.0",
                "symfony/event-dispatcher": "~2.8|~3.0",
                "symfony/process": "~2.8|~3.0"
            },
            "suggest": {
                "psr/log": "For using the console logger",
                "symfony/event-dispatcher": "",
                "symfony/process": ""
            },
            "type": "library",
            "extra": {
                "branch-alias": {
                    "dev-master": "3.0-dev"
                }
            },
            "autoload": {
                "psr-4": {
                    "Symfony\\Component\\Console\\": ""
                },
                "exclude-from-classmap": [
                    "/Tests/"
                ]
            },
            "notification-url": "https://packagist.org/downloads/",
            "license": [
                "MIT"
            ],
            "authors": [
                {
                    "name": "Fabien Potencier",
                    "email": "fabien@symfony.com"
                },
                {
                    "name": "Symfony Community",
                    "homepage": "https://symfony.com/contributors"
                }
            ],
            "description": "Symfony Console Component",
            "homepage": "https://symfony.com",
            "time": "2016-04-28 09:48:42"
        },
        {
            "name": "symfony/polyfill-mbstring",
            "version": "v1.1.1",
            "source": {
                "type": "git",
                "url": "https://github.com/symfony/polyfill-mbstring.git",
                "reference": "1289d16209491b584839022f29257ad859b8532d"
            },
            "dist": {
                "type": "zip",
                "url": "https://api.github.com/repos/symfony/polyfill-mbstring/zipball/1289d16209491b584839022f29257ad859b8532d",
                "reference": "1289d16209491b584839022f29257ad859b8532d",
                "shasum": ""
            },
            "require": {
                "php": ">=5.3.3"
            },
            "suggest": {
                "ext-mbstring": "For best performance"
            },
            "type": "library",
            "extra": {
                "branch-alias": {
                    "dev-master": "1.1-dev"
                }
            },
            "autoload": {
                "psr-4": {
                    "Symfony\\Polyfill\\Mbstring\\": ""
                },
                "files": [
                    "bootstrap.php"
                ]
            },
            "notification-url": "https://packagist.org/downloads/",
            "license": [
                "MIT"
            ],
            "authors": [
                {
                    "name": "Nicolas Grekas",
                    "email": "p@tchwork.com"
                },
                {
                    "name": "Symfony Community",
                    "homepage": "https://symfony.com/contributors"
                }
            ],
            "description": "Symfony polyfill for the Mbstring extension",
            "homepage": "https://symfony.com",
            "keywords": [
                "compatibility",
                "mbstring",
                "polyfill",
                "portable",
                "shim"
            ],
            "time": "2016-01-20 09:13:37"
        }
    ],
    "aliases": [],
    "minimum-stability": "stable",
    "stability-flags": {
        "etsy/phan": 20
    },
    "prefer-stable": false,
    "prefer-lowest": false,
    "platform": [],
    "platform-dev": []
}
